
Microsoft Visual Studio Solution File, Format Version 12.00
# Visual Studio Version 17
VisualStudioVersion = 17.1.32319.34
MinimumVisualStudioVersion = 10.0.40219.1
Project("{FAE04EC0-301F-11D3-BF4B-00C04F79EFBC}") = "SmartOfficeServer", "SmartOfficeServer\SmartOfficeServer.csproj", "{4C8E5C7F-4F49-4D67-AC53-422133B5B5BE}"
EndProject
Global
	GlobalSection(SolutionConfigurationPlatforms) = preSolution
		Debug|Any CPU = Debug|Any CPU
		Release|Any CPU = Release|Any CPU
	EndGlobalSection
	GlobalSection(ProjectConfigurationPlatforms) = postSolution
		{4C8E5C7F-4F49-4D67-AC53-422133B5B5BE}.Debug|Any CPU.ActiveCfg = Debug|Any CPU
		{4C8E5C7F-4F49-4D67-AC53-422133B5B5BE}.Debug|Any CPU.Build.0 = Debug|Any CPU
		{4C8E5C7F-4F49-4D67-AC53-422133B5B5BE}.Release|Any CPU.ActiveCfg = Release|Any CPU
		{4C8E5C7F-4F49-4D67-AC53-422133B5B5BE}.Release|Any CPU.Build.0 = Release|Any CPU
	EndGlobalSection
	GlobalSection(SolutionProperties) = preSolution
		HideSolutionNode = FALSE
	EndGlobalSection
	GlobalSection(ExtensibilityGlobals) = postSolution
		SolutionGuid = {9F8635A5-1DAC-4D33-BD0F-6DAB05A71A96}
	EndGlobalSection
EndGlobal
